
Microsoft Visual Studio Solution File, Format Version 12.00
# Visual Studio Version 17
VisualStudioVersion = 17.3.32819.101
MinimumVisualStudioVersion = 10.0.40219.1
Project("{2150E333-8FDC-42A3-9474-1A3956D46DE8}") = "src", "src", "{A97BC4E3-5C06-45FD-92EE-C1AD9176F1CE}"
EndProject
Project("{2150E333-8FDC-42A3-9474-1A3956D46DE8}") = "WebAPIs", "WebAPIs", "{A297F421-24E7-44C8-ADC4-0015DB298D98}"
EndProject
Project("{2150E333-8FDC-42A3-9474-1A3956D46DE8}") = "Services", "Services", "{03F7ADE5-0F27-4CB0-AE83-3753D02867A1}"
EndProject
Project("{2150E333-8FDC-42A3-9474-1A3956D46DE8}") = "Domains", "Domains", "{827058DE-5425-4770-89A8-C2BB530803B2}"
EndProject
Project("{2150E333-8FDC-42A3-9474-1A3956D46DE8}") = "EntityFrameworks", "EntityFrameworks", "{EA697C4B-D9B0-4FE2-891C-28B9618DD262}"
EndProject
Project("{2150E333-8FDC-42A3-9474-1A3956D46DE8}") = "Shareds", "Shareds", "{3B755F66-89AF-48AC-B9CD-5E3467804FF3}"
EndProject
Project("{9A19103F-16F7-4668-BE54-9A1E7A4F7556}") = "Base.Shared", "Base.Shared\Base.Shared.csproj", "{48C89F2C-A52C-4317-8340-792326559EDB}"
EndProject
Project("{9A19103F-16F7-4668-BE54-9A1E7A4F7556}") = "MedicalManagement.Domain", "MedicalManagement.Domain\MedicalManagement.Domain.csproj", "{7A546299-C2F0-455A-B9A2-7DB011345405}"
EndProject
Project("{9A19103F-16F7-4668-BE54-9A1E7A4F7556}") = "MedicalManagement.EntityFramework", "MedicalManagement.EnityFramework\MedicalManagement.EntityFramework.csproj", "{24899CC6-C687-478A-A143-BD23760D6416}"
EndProject
Project("{9A19103F-16F7-4668-BE54-9A1E7A4F7556}") = "UserManagement.Domain", "UserManagement.Domain\UserManagement.Domain.csproj", "{5CB804AF-1FFB-4A1B-A3D8-5DD6ACA719BB}"
EndProject
Project("{9A19103F-16F7-4668-BE54-9A1E7A4F7556}") = "MedicalManagement.Service", "MedicalManagement.Service\MedicalManagement.Service.csproj", "{BDB8DB8F-AC2A-4AAF-A4DD-A2EDECCD8A49}"
EndProject
Project("{9A19103F-16F7-4668-BE54-9A1E7A4F7556}") = "MedicalManagement.WebAPI", "MedicalManagement.WebAPI\MedicalManagement.WebAPI.csproj", "{644170B5-5DC9-4B63-8715-E36FDC7B1BDE}"
EndProject
Project("{9A19103F-16F7-4668-BE54-9A1E7A4F7556}") = "UserManagement.Service", "UserManagement.Service\UserManagement.Service.csproj", "{D52026A9-EE2B-4B87-A4EE-BEB2CFC01BD8}"
EndProject
Project("{9A19103F-16F7-4668-BE54-9A1E7A4F7556}") = "UserManagement.WebAPI", "UserManagement.WebAPI\UserManagement.WebAPI.csproj", "{2BC395B6-8340-4077-92AC-252F5749762F}"
EndProject
Project("{9A19103F-16F7-4668-BE54-9A1E7A4F7556}") = "MedicalManagementWPF", "..\MedicalManagementWPF\MedicalManagementWPF.csproj", "{BCF5F69E-9D75-47A5-8270-8DC72F2DEAAE}"
EndProject
Global
	GlobalSection(SolutionConfigurationPlatforms) = preSolution
		Debug|Any CPU = Debug|Any CPU
		Release|Any CPU = Release|Any CPU
	EndGlobalSection
	GlobalSection(ProjectConfigurationPlatforms) = postSolution
		{48C89F2C-A52C-4317-8340-792326559EDB}.Debug|Any CPU.ActiveCfg = Debug|Any CPU
		{48C89F2C-A52C-4317-8340-792326559EDB}.Debug|Any CPU.Build.0 = Debug|Any CPU
		{48C89F2C-A52C-4317-8340-792326559EDB}.Release|Any CPU.ActiveCfg = Release|Any CPU
		{48C89F2C-A52C-4317-8340-792326559EDB}.Release|Any CPU.Build.0 = Release|Any CPU
		{7A546299-C2F0-455A-B9A2-7DB011345405}.Debug|Any CPU.ActiveCfg = Debug|Any CPU
		{7A546299-C2F0-455A-B9A2-7DB011345405}.Debug|Any CPU.Build.0 = Debug|Any CPU
		{7A546299-C2F0-455A-B9A2-7DB011345405}.Release|Any CPU.ActiveCfg = Release|Any CPU
		{7A546299-C2F0-455A-B9A2-7DB011345405}.Release|Any CPU.Build.0 = Release|Any CPU
		{24899CC6-C687-478A-A143-BD23760D6416}.Debug|Any CPU.ActiveCfg = Debug|Any CPU
		{24899CC6-C687-478A-A143-BD23760D6416}.Debug|Any CPU.Build.0 = Debug|Any CPU
		{24899CC6-C687-478A-A143-BD23760D6416}.Release|Any CPU.ActiveCfg = Release|Any CPU
		{24899CC6-C687-478A-A143-BD23760D6416}.Release|Any CPU.Build.0 = Release|Any CPU
		{5CB804AF-1FFB-4A1B-A3D8-5DD6ACA719BB}.Debug|Any CPU.ActiveCfg = Debug|Any CPU
		{5CB804AF-1FFB-4A1B-A3D8-5DD6ACA719BB}.Debug|Any CPU.Build.0 = Debug|Any CPU
		{5CB804AF-1FFB-4A1B-A3D8-5DD6ACA719BB}.Release|Any CPU.ActiveCfg = Release|Any CPU
		{5CB804AF-1FFB-4A1B-A3D8-5DD6ACA719BB}.Release|Any CPU.Build.0 = Release|Any CPU
		{BDB8DB8F-AC2A-4AAF-A4DD-A2EDECCD8A49}.Debug|Any CPU.ActiveCfg = Debug|Any CPU
		{BDB8DB8F-AC2A-4AAF-A4DD-A2EDECCD8A49}.Debug|Any CPU.Build.0 = Debug|Any CPU
		{BDB8DB8F-AC2A-4AAF-A4DD-A2EDECCD8A49}.Release|Any CPU.ActiveCfg = Release|Any CPU
		{BDB8DB8F-AC2A-4AAF-A4DD-A2EDECCD8A49}.Release|Any CPU.Build.0 = Release|Any CPU
		{644170B5-5DC9-4B63-8715-E36FDC7B1BDE}.Debug|Any CPU.ActiveCfg = Debug|Any CPU
		{644170B5-5DC9-4B63-8715-E36FDC7B1BDE}.Debug|Any CPU.Build.0 = Debug|Any CPU
		{644170B5-5DC9-4B63-8715-E36FDC7B1BDE}.Release|Any CPU.ActiveCfg = Release|Any CPU
		{644170B5-5DC9-4B63-8715-E36FDC7B1BDE}.Release|Any CPU.Build.0 = Release|Any CPU
		{D52026A9-EE2B-4B87-A4EE-BEB2CFC01BD8}.Debug|Any CPU.ActiveCfg = Debug|Any CPU
		{D52026A9-EE2B-4B87-A4EE-BEB2CFC01BD8}.Debug|Any CPU.Build.0 = Debug|Any CPU
		{D52026A9-EE2B-4B87-A4EE-BEB2CFC01BD8}.Release|Any CPU.ActiveCfg = Release|Any CPU
		{D52026A9-EE2B-4B87-A4EE-BEB2CFC01BD8}.Release|Any CPU.Build.0 = Release|Any CPU
		{2BC395B6-8340-4077-92AC-252F5749762F}.Debug|Any CPU.ActiveCfg = Debug|Any CPU
		{2BC395B6-8340-4077-92AC-252F5749762F}.Debug|Any CPU.Build.0 = Debug|Any CPU
		{2BC395B6-8340-4077-92AC-252F5749762F}.Release|Any CPU.ActiveCfg = Release|Any CPU
		{2BC395B6-8340-4077-92AC-252F5749762F}.Release|Any CPU.Build.0 = Release|Any CPU
		{BCF5F69E-9D75-47A5-8270-8DC72F2DEAAE}.Debug|Any CPU.ActiveCfg = Debug|Any CPU
		{BCF5F69E-9D75-47A5-8270-8DC72F2DEAAE}.Debug|Any CPU.Build.0 = Debug|Any CPU
		{BCF5F69E-9D75-47A5-8270-8DC72F2DEAAE}.Release|Any CPU.ActiveCfg = Release|Any CPU
		{BCF5F69E-9D75-47A5-8270-8DC72F2DEAAE}.Release|Any CPU.Build.0 = Release|Any CPU
	EndGlobalSection
	GlobalSection(SolutionProperties) = preSolution
		HideSolutionNode = FALSE
	EndGlobalSection
	GlobalSection(NestedProjects) = preSolution
		{A297F421-24E7-44C8-ADC4-0015DB298D98} = {A97BC4E3-5C06-45FD-92EE-C1AD9176F1CE}
		{03F7ADE5-0F27-4CB0-AE83-3753D02867A1} = {A97BC4E3-5C06-45FD-92EE-C1AD9176F1CE}
		{827058DE-5425-4770-89A8-C2BB530803B2} = {A97BC4E3-5C06-45FD-92EE-C1AD9176F1CE}
		{EA697C4B-D9B0-4FE2-891C-28B9618DD262} = {A97BC4E3-5C06-45FD-92EE-C1AD9176F1CE}
		{3B755F66-89AF-48AC-B9CD-5E3467804FF3} = {A97BC4E3-5C06-45FD-92EE-C1AD9176F1CE}
		{48C89F2C-A52C-4317-8340-792326559EDB} = {3B755F66-89AF-48AC-B9CD-5E3467804FF3}
		{7A546299-C2F0-455A-B9A2-7DB011345405} = {827058DE-5425-4770-89A8-C2BB530803B2}
		{24899CC6-C687-478A-A143-BD23760D6416} = {EA697C4B-D9B0-4FE2-891C-28B9618DD262}
		{5CB804AF-1FFB-4A1B-A3D8-5DD6ACA719BB} = {827058DE-5425-4770-89A8-C2BB530803B2}
		{BDB8DB8F-AC2A-4AAF-A4DD-A2EDECCD8A49} = {03F7ADE5-0F27-4CB0-AE83-3753D02867A1}
		{644170B5-5DC9-4B63-8715-E36FDC7B1BDE} = {A297F421-24E7-44C8-ADC4-0015DB298D98}
		{D52026A9-EE2B-4B87-A4EE-BEB2CFC01BD8} = {03F7ADE5-0F27-4CB0-AE83-3753D02867A1}
		{2BC395B6-8340-4077-92AC-252F5749762F} = {A297F421-24E7-44C8-ADC4-0015DB298D98}
	EndGlobalSection
	GlobalSection(ExtensibilityGlobals) = postSolution
		SolutionGuid = {84131EDD-D083-483B-A9DC-452228B07AAD}
	EndGlobalSection
EndGlobal
